
Microsoft Visual Studio Solution File, Format Version 12.00
# Visual Studio Version 17
VisualStudioVersion = 17.3.32922.545
MinimumVisualStudioVersion = 10.0.40219.1
Project("{FAE04EC0-301F-11D3-BF4B-00C04F79EFBC}") = "recipeapp", "recipeapp\recipeapp.csproj", "{4773F079-4BF5-4DC5-A295-78653F14315C}"
EndProject
Global
	GlobalSection(SolutionConfigurationPlatforms) = preSolution
		Debug|Any CPU = Debug|Any CPU
		Release|Any CPU = Release|Any CPU
	EndGlobalSection
	GlobalSection(ProjectConfigurationPlatforms) = postSolution
		{4773F079-4BF5-4DC5-A295-78653F14315C}.Debug|Any CPU.ActiveCfg = Debug|Any CPU
		{4773F079-4BF5-4DC5-A295-78653F14315C}.Debug|Any CPU.Build.0 = Debug|Any CPU
		{4773F079-4BF5-4DC5-A295-78653F14315C}.Release|Any CPU.ActiveCfg = Release|Any CPU
		{4773F079-4BF5-4DC5-A295-78653F14315C}.Release|Any CPU.Build.0 = Release|Any CPU
	EndGlobalSection
	GlobalSection(SolutionProperties) = preSolution
		HideSolutionNode = FALSE
	EndGlobalSection
	GlobalSection(ExtensibilityGlobals) = postSolution
		SolutionGuid = {D5E8AAAD-FF86-422F-9FB8-D84C13191F6D}
	EndGlobalSection
EndGlobal
